
Microsoft Visual Studio Solution File, Format Version 12.00
# Visual Studio Version 16
VisualStudioVersion = 16.0.810.7
MinimumVisualStudioVersion = 10.0.40219.1
Project("{FAE04EC0-301F-11D3-BF4B-00C04F79EFBC}") = "fun-with-quizzes-studio", "fun-with-quizzes-studio\fun-with-quizzes-studio.csproj", "{D8981C6C-4610-44F6-ADA6-12AADAF40284}"
EndProject
Global
	GlobalSection(SolutionConfigurationPlatforms) = preSolution
		Debug|Any CPU = Debug|Any CPU
		Release|Any CPU = Release|Any CPU
	EndGlobalSection
	GlobalSection(ProjectConfigurationPlatforms) = postSolution
		{D8981C6C-4610-44F6-ADA6-12AADAF40284}.Debug|Any CPU.ActiveCfg = Debug|Any CPU
		{D8981C6C-4610-44F6-ADA6-12AADAF40284}.Debug|Any CPU.Build.0 = Debug|Any CPU
		{D8981C6C-4610-44F6-ADA6-12AADAF40284}.Release|Any CPU.ActiveCfg = Release|Any CPU
		{D8981C6C-4610-44F6-ADA6-12AADAF40284}.Release|Any CPU.Build.0 = Release|Any CPU
	EndGlobalSection
	GlobalSection(SolutionProperties) = preSolution
		HideSolutionNode = FALSE
	EndGlobalSection
	GlobalSection(ExtensibilityGlobals) = postSolution
		SolutionGuid = {4FB36A20-AB9A-4184-A614-7634C447D9F3}
	EndGlobalSection
EndGlobal
